// !$*UTF8*$!
{
	archiveVersion = 1;
	classes = {
	};
	objectVersion = 48;
	objects = {

/* Begin PBXBuildFile section */
		B600C1B21FC1D4AF005A4CC9 /* DetailViewController.swift in Sources */ = {isa = PBXBuildFile; fileRef = B600C1B11FC1D4AF005A4CC9 /* DetailViewController.swift */; };
		B605C0851FC673F700CA98F8 /* ScoreViewController.swift in Sources */ = {isa = PBXBuildFile; fileRef = B605C0841FC673F700CA98F8 /* ScoreViewController.swift */; };
		B608690B1FDE9751009EF361 /* Budha.jpg in Resources */ = {isa = PBXBuildFile; fileRef = B608690A1FDE9751009EF361 /* Budha.jpg */; };
		B608690D1FDE9769009EF361 /* Ganga.jpg in Resources */ = {isa = PBXBuildFile; fileRef = B608690C1FDE9768009EF361 /* Ganga.jpg */; };
		B608690F1FDE9794009EF361 /* Hanuman.jpg in Resources */ = {isa = PBXBuildFile; fileRef = B608690E1FDE9793009EF361 /* Hanuman.jpg */; };
		B60869111FDE97B1009EF361 /* Kali.jpg in Resources */ = {isa = PBXBuildFile; fileRef = B60869101FDE97B1009EF361 /* Kali.jpg */; };
		B60869131FDE97FD009EF361 /* Matsya.jpg in Resources */ = {isa = PBXBuildFile; fileRef = B60869121FDE97FD009EF361 /* Matsya.jpg */; };
		B60869151FDE9818009EF361 /* Nrisimha.jpg in Resources */ = {isa = PBXBuildFile; fileRef = B60869141FDE9818009EF361 /* Nrisimha.jpg */; };
		B60869171FDE9834009EF361 /* Parasurama.jpg in Resources */ = {isa = PBXBuildFile; fileRef = B60869161FDE9834009EF361 /* Parasurama.jpg */; };
		B60869191FDE985F009EF361 /* Rama.jpg in Resources */ = {isa = PBXBuildFile; fileRef = B60869181FDE985F009EF361 /* Rama.jpg */; };
		B608691B1FDE9871009EF361 /* Shiva.jpg in Resources */ = {isa = PBXBuildFile; fileRef = B608691A1FDE9871009EF361 /* Shiva.jpg */; };
		B608691D1FDE98B0009EF361 /* Skanda.jpg in Resources */ = {isa = PBXBuildFile; fileRef = B608691C1FDE98AF009EF361 /* Skanda.jpg */; };
		B608691F1FDE98C9009EF361 /* Surya.jpg in Resources */ = {isa = PBXBuildFile; fileRef = B608691E1FDE98C8009EF361 /* Surya.jpg */; };
		B608AF111FC19551009869EB /* Ravana.jpg in Resources */ = {isa = PBXBuildFile; fileRef = B608AF101FC19551009869EB /* Ravana.jpg */; };
		B609F9AF1FD5B6DB00374310 /* CustomTableViewCell.swift in Sources */ = {isa = PBXBuildFile; fileRef = B609F9AE1FD5B6DB00374310 /* CustomTableViewCell.swift */; };
		B60E9E001FC070D000BE988A /* Agni.jpg in Resources */ = {isa = PBXBuildFile; fileRef = B60E9DDE1FC070CF00BE988A /* Agni.jpg */; };
		B60E9E021FC070D000BE988A /* Brahma.jpg in Resources */ = {isa = PBXBuildFile; fileRef = B60E9DE01FC070CF00BE988A /* Brahma.jpg */; };
		B60E9E031FC070D000BE988A /* Dakini.jpg in Resources */ = {isa = PBXBuildFile; fileRef = B60E9DE11FC070CF00BE988A /* Dakini.jpg */; };
		B60E9E041FC070D000BE988A /* Durga.jpg in Resources */ = {isa = PBXBuildFile; fileRef = B60E9DE21FC070CF00BE988A /* Durga.jpg */; };
		B60E9E061FC070D000BE988A /* Ganesa.jpg in Resources */ = {isa = PBXBuildFile; fileRef = B60E9DE41FC070CF00BE988A /* Ganesa.jpg */; };
		B60E9E0B1FC070D000BE988A /* Indra.jpg in Resources */ = {isa = PBXBuildFile; fileRef = B60E9DE91FC070CF00BE988A /* Indra.jpg */; };
		B60E9E0C1FC070D000BE988A /* Jagannatha.gif in Resources */ = {isa = PBXBuildFile; fileRef = B60E9DEA1FC070CF00BE988A /* Jagannatha.gif */; };
		B60E9E121FC070D000BE988A /* Krsna.jpg in Resources */ = {isa = PBXBuildFile; fileRef = B60E9DF01FC070CF00BE988A /* Krsna.jpg */; };
		B60E9E131FC070D000BE988A /* Lakshmi.jpg in Resources */ = {isa = PBXBuildFile; fileRef = B60E9DF11FC070CF00BE988A /* Lakshmi.jpg */; };
		B60E9E151FC070D000BE988A /* Minakshi.jpg in Resources */ = {isa = PBXBuildFile; fileRef = B60E9DF31FC070CF00BE988A /* Minakshi.jpg */; };
		B60E9E171FC070D000BE988A /* Naga.jpg in Resources */ = {isa = PBXBuildFile; fileRef = B60E9DF51FC070CF00BE988A /* Naga.jpg */; };
		B60E9E181FC070D000BE988A /* Nandin.jpg in Resources */ = {isa = PBXBuildFile; fileRef = B60E9DF61FC070CF00BE988A /* Nandin.jpg */; };
		B60E9E1C1FC070D000BE988A /* Sarasvati.jpg in Resources */ = {isa = PBXBuildFile; fileRef = B60E9DFA1FC070CF00BE988A /* Sarasvati.jpg */; };
		B60E9E211FC070D000BE988A /* Vishnu.jpg in Resources */ = {isa = PBXBuildFile; fileRef = B60E9DFF1FC070CF00BE988A /* Vishnu.jpg */; };
		B60F293D1FC813B400238C25 /* yes.png in Resources */ = {isa = PBXBuildFile; fileRef = B60F293C1FC813B400238C25 /* yes.png */; };
		B60F293F1FC813CD00238C25 /* no.png in Resources */ = {isa = PBXBuildFile; fileRef = B60F293E1FC813CD00238C25 /* no.png */; };
		B6109EA01FB87585007B0776 /* AppDelegate.swift in Sources */ = {isa = PBXBuildFile; fileRef = B6109E9F1FB87585007B0776 /* AppDelegate.swift */; };
		B6109EA51FB87585007B0776 /* Main.storyboard in Resources */ = {isa = PBXBuildFile; fileRef = B6109EA31FB87585007B0776 /* Main.storyboard */; };
		B6109EA71FB87585007B0776 /* Assets.xcassets in Resources */ = {isa = PBXBuildFile; fileRef = B6109EA61FB87585007B0776 /* Assets.xcassets */; };
		B6109EAA1FB87585007B0776 /* LaunchScreen.storyboard in Resources */ = {isa = PBXBuildFile; fileRef = B6109EA81FB87585007B0776 /* LaunchScreen.storyboard */; };
		B6109EB51FB87585007B0776 /* quizTests.swift in Sources */ = {isa = PBXBuildFile; fileRef = B6109EB41FB87585007B0776 /* quizTests.swift */; };
		B6109EC01FB87585007B0776 /* quizUITests.swift in Sources */ = {isa = PBXBuildFile; fileRef = B6109EBF1FB87585007B0776 /* quizUITests.swift */; };
		B610EF221FCFEECD00A56756 /* AVFoundation.framework in Frameworks */ = {isa = PBXBuildFile; fileRef = B610EF211FCFEEC100A56756 /* AVFoundation.framework */; };
		B610EF2C1FCFFC8700A56756 /* yes.mp3 in Resources */ = {isa = PBXBuildFile; fileRef = B610EF2B1FCFFC8700A56756 /* yes.mp3 */; };
		B61227B91FBDE0180063B159 /* background.jpg in Resources */ = {isa = PBXBuildFile; fileRef = B61227B71FBDE0180063B159 /* background.jpg */; };
		B61227BA1FBDE0180063B159 /* title.jpg in Resources */ = {isa = PBXBuildFile; fileRef = B61227B81FBDE0180063B159 /* title.jpg */; };
		B61227BC1FBDEB140063B159 /* QuestionViewController.swift in Sources */ = {isa = PBXBuildFile; fileRef = B61227BB1FBDEB140063B159 /* QuestionViewController.swift */; };
		B612B1131FC152F800C12E4C /* GodList.plist in Resources */ = {isa = PBXBuildFile; fileRef = B612B1121FC152F800C12E4C /* GodList.plist */; };
		B612FCB71FDBDDA9007D10B7 /* next.wav in Resources */ = {isa = PBXBuildFile; fileRef = B612FCB61FDBDDA8007D10B7 /* next.wav */; };
		B612FCB91FDBDF29007D10B7 /* start.mp3 in Resources */ = {isa = PBXBuildFile; fileRef = B612FCB81FDBDF29007D10B7 /* start.mp3 */; };
		B612FCBB1FDBDF7F007D10B7 /* cell.wav in Resources */ = {isa = PBXBuildFile; fileRef = B612FCBA1FDBDF7F007D10B7 /* cell.wav */; };
		B612FCC71FDBE36C007D10B7 /* score0.mp3 in Resources */ = {isa = PBXBuildFile; fileRef = B612FCBC1FDBE36B007D10B7 /* score0.mp3 */; };
		B612FCC91FDBE36C007D10B7 /* score10.wav in Resources */ = {isa = PBXBuildFile; fileRef = B612FCBE1FDBE36B007D10B7 /* score10.wav */; };
		B612FCCA1FDBE36C007D10B7 /* score50.mp3 in Resources */ = {isa = PBXBuildFile; fileRef = B612FCBF1FDBE36B007D10B7 /* score50.mp3 */; };
		B612FCCB1FDBE36C007D10B7 /* score60.wav in Resources */ = {isa = PBXBuildFile; fileRef = B612FCC01FDBE36B007D10B7 /* score60.wav */; };
		B612FCCC1FDBE36C007D10B7 /* score100.wav in Resources */ = {isa = PBXBuildFile; fileRef = B612FCC11FDBE36B007D10B7 /* score100.wav */; };
		B612FCCD1FDBE36C007D10B7 /* score70.mp3 in Resources */ = {isa = PBXBuildFile; fileRef = B612FCC21FDBE36B007D10B7 /* score70.mp3 */; };
		B612FCCE1FDBE36C007D10B7 /* score80.mp3 in Resources */ = {isa = PBXBuildFile; fileRef = B612FCC31FDBE36C007D10B7 /* score80.mp3 */; };
		B612FCCF1FDBE36C007D10B7 /* score20.wav in Resources */ = {isa = PBXBuildFile; fileRef = B612FCC41FDBE36C007D10B7 /* score20.wav */; };
		B612FCD01FDBE36C007D10B7 /* score30.mp3 in Resources */ = {isa = PBXBuildFile; fileRef = B612FCC51FDBE36C007D10B7 /* score30.mp3 */; };
		B612FCD11FDBE36C007D10B7 /* score90.mp3 in Resources */ = {isa = PBXBuildFile; fileRef = B612FCC61FDBE36C007D10B7 /* score90.mp3 */; };
		B612FCD71FDC392B007D10B7 /* faq.png in Resources */ = {isa = PBXBuildFile; fileRef = B612FCD61FDC392B007D10B7 /* faq.png */; };
		B612FCD91FDC3A05007D10B7 /* list.png in Resources */ = {isa = PBXBuildFile; fileRef = B612FCD81FDC3A05007D10B7 /* list.png */; };
		B6139F2C1FC7A7BB00A5C4E3 /* TitleViewController.swift in Sources */ = {isa = PBXBuildFile; fileRef = B6139F2B1FC7A7BB00A5C4E3 /* TitleViewController.swift */; };
		B6197A4E1FDEA8C300522E3D /* parvathi.jpg in Resources */ = {isa = PBXBuildFile; fileRef = B6197A4D1FDEA8C300522E3D /* parvathi.jpg */; };
		B64AE8651FDD446B008043C4 /* Yama.jpg in Resources */ = {isa = PBXBuildFile; fileRef = B64AE8641FDD446B008043C4 /* Yama.jpg */; };
		B64AE8691FDD48E2008043C4 /* Varuna.jpg in Resources */ = {isa = PBXBuildFile; fileRef = B64AE8681FDD48E2008043C4 /* Varuna.jpg */; };
		B64AE86B1FDD5019008043C4 /* Vayu.jpg in Resources */ = {isa = PBXBuildFile; fileRef = B64AE86A1FDD5019008043C4 /* Vayu.jpg */; };
		B64AE86D1FDD564B008043C4 /* Kubera.jpg in Resources */ = {isa = PBXBuildFile; fileRef = B64AE86C1FDD564B008043C4 /* Kubera.jpg */; };
		B64AE86F1FDD5C50008043C4 /* Soma.jpg in Resources */ = {isa = PBXBuildFile; fileRef = B64AE86E1FDD5C4F008043C4 /* Soma.jpg */; };
		B64AE8711FDD609A008043C4 /* Kurma.jpg in Resources */ = {isa = PBXBuildFile; fileRef = B64AE8701FDD609A008043C4 /* Kurma.jpg */; };
		B64AE8731FDD66E7008043C4 /* Kama.jpg in Resources */ = {isa = PBXBuildFile; fileRef = B64AE8721FDD66E6008043C4 /* Kama.jpg */; };
		B64AE8751FDD677F008043C4 /* Vamana.jpg in Resources */ = {isa = PBXBuildFile; fileRef = B64AE8741FDD677E008043C4 /* Vamana.jpg */; };
		B64AE8771FDD67FC008043C4 /* Varaha.jpg in Resources */ = {isa = PBXBuildFile; fileRef = B64AE8761FDD67FC008043C4 /* Varaha.jpg */; };
		B64AE8791FDD6F82008043C4 /* score40.mp3 in Resources */ = {isa = PBXBuildFile; fileRef = B64AE8781FDD6F82008043C4 /* score40.mp3 */; };
		B64AE87B1FDD7D35008043C4 /* godImg.jpg in Resources */ = {isa = PBXBuildFile; fileRef = B64AE87A1FDD7D35008043C4 /* godImg.jpg */; };
		B6ADB5A21FBE871C00AB940A /* ListViewController.swift in Sources */ = {isa = PBXBuildFile; fileRef = B6ADB5A11FBE871C00AB940A /* ListViewController.swift */; };
		B6B82A721FD9901A003589A3 /* wiki.wav in Resources */ = {isa = PBXBuildFile; fileRef = B6B82A711FD9901A003589A3 /* wiki.wav */; };
		B6B82A741FD99550003589A3 /* restart.wav in Resources */ = {isa = PBXBuildFile; fileRef = B6B82A731FD99550003589A3 /* restart.wav */; };
		B6F6D27F1FC043FE00E71650 /* next.png in Resources */ = {isa = PBXBuildFile; fileRef = B6F6D27E1FC043FD00E71650 /* next.png */; };
		B6FDEB831FD40211004F9F0F /* no.mp3 in Resources */ = {isa = PBXBuildFile; fileRef = B6FDEB821FD40211004F9F0F /* no.mp3 */; };
/* End PBXBuildFile section */

/* Begin PBXContainerItemProxy section */
		B6109EB11FB87585007B0776 /* PBXContainerItemProxy */ = {
			isa = PBXContainerItemProxy;
			containerPortal = B6109E941FB87585007B0776 /* Project object */;
			proxyType = 1;
			remoteGlobalIDString = B6109E9B1FB87585007B0776;
			remoteInfo = quiz;
		};
		B6109EBC1FB87585007B0776 /* PBXContainerItemProxy */ = {
			isa = PBXContainerItemProxy;
			containerPortal = B6109E941FB87585007B0776 /* Project object */;
			proxyType = 1;
			remoteGlobalIDString = B6109E9B1FB87585007B0776;
			remoteInfo = quiz;
		};
/* End PBXContainerItemProxy section */

/* Begin PBXFileReference section */
		B600C1B11FC1D4AF005A4CC9 /* DetailViewController.swift */ = {isa = PBXFileReference; lastKnownFileType = sourcecode.swift; path = DetailViewController.swift; sourceTree = "<group>"; };
		B605C0841FC673F700CA98F8 /* ScoreViewController.swift */ = {isa = PBXFileReference; lastKnownFileType = sourcecode.swift; path = ScoreViewController.swift; sourceTree = "<group>"; };
		B608690A1FDE9751009EF361 /* Budha.jpg */ = {isa = PBXFileReference; lastKnownFileType = image.jpeg; path = Budha.jpg; sourceTree = "<group>"; };
		B608690C1FDE9768009EF361 /* Ganga.jpg */ = {isa = PBXFileReference; lastKnownFileType = image.jpeg; path = Ganga.jpg; sourceTree = "<group>"; };
		B608690E1FDE9793009EF361 /* Hanuman.jpg */ = {isa = PBXFileReference; lastKnownFileType = image.jpeg; path = Hanuman.jpg; sourceTree = "<group>"; };
		B60869101FDE97B1009EF361 /* Kali.jpg */ = {isa = PBXFileReference; lastKnownFileType = image.jpeg; path = Kali.jpg; sourceTree = "<group>"; };
		B60869121FDE97FD009EF361 /* Matsya.jpg */ = {isa = PBXFileReference; lastKnownFileType = image.jpeg; path = Matsya.jpg; sourceTree = "<group>"; };
		B60869141FDE9818009EF361 /* Nrisimha.jpg */ = {isa = PBXFileReference; lastKnownFileType = image.jpeg; path = Nrisimha.jpg; sourceTree = "<group>"; };
		B60869161FDE9834009EF361 /* Parasurama.jpg */ = {isa = PBXFileReference; lastKnownFileType = image.jpeg; path = Parasurama.jpg; sourceTree = "<group>"; };
		B60869181FDE985F009EF361 /* Rama.jpg */ = {isa = PBXFileReference; lastKnownFileType = image.jpeg; path = Rama.jpg; sourceTree = "<group>"; };
		B608691A1FDE9871009EF361 /* Shiva.jpg */ = {isa = PBXFileReference; lastKnownFileType = image.jpeg; path = Shiva.jpg; sourceTree = "<group>"; };
		B608691C1FDE98AF009EF361 /* Skanda.jpg */ = {isa = PBXFileReference; lastKnownFileType = image.jpeg; path = Skanda.jpg; sourceTree = "<group>"; };
		B608691E1FDE98C8009EF361 /* Surya.jpg */ = {isa = PBXFileReference; lastKnownFileType = image.jpeg; path = Surya.jpg; sourceTree = "<group>"; };
		B608AF101FC19551009869EB /* Ravana.jpg */ = {isa = PBXFileReference; lastKnownFileType = image.jpeg; path = Ravana.jpg; sourceTree = "<group>"; };
		B609F9AE1FD5B6DB00374310 /* CustomTableViewCell.swift */ = {isa = PBXFileReference; lastKnownFileType = sourcecode.swift; path = CustomTableViewCell.swift; sourceTree = "<group>"; };
		B60E9DDE1FC070CF00BE988A /* Agni.jpg */ = {isa = PBXFileReference; lastKnownFileType = image.jpeg; path = Agni.jpg; sourceTree = "<group>"; };
		B60E9DE01FC070CF00BE988A /* Brahma.jpg */ = {isa = PBXFileReference; lastKnownFileType = image.jpeg; path = Brahma.jpg; sourceTree = "<group>"; };
		B60E9DE11FC070CF00BE988A /* Dakini.jpg */ = {isa = PBXFileReference; lastKnownFileType = image.jpeg; path = Dakini.jpg; sourceTree = "<group>"; };
		B60E9DE21FC070CF00BE988A /* Durga.jpg */ = {isa = PBXFileReference; lastKnownFileType = image.jpeg; path = Durga.jpg; sourceTree = "<group>"; };
		B60E9DE41FC070CF00BE988A /* Ganesa.jpg */ = {isa = PBXFileReference; lastKnownFileType = image.jpeg; path = Ganesa.jpg; sourceTree = "<group>"; };
		B60E9DE91FC070CF00BE988A /* Indra.jpg */ = {isa = PBXFileReference; lastKnownFileType = image.jpeg; path = Indra.jpg; sourceTree = "<group>"; };
		B60E9DEA1FC070CF00BE988A /* Jagannatha.gif */ = {isa = PBXFileReference; lastKnownFileType = image.gif; path = Jagannatha.gif; sourceTree = "<group>"; };
		B60E9DF01FC070CF00BE988A /* Krsna.jpg */ = {isa = PBXFileReference; lastKnownFileType = image.jpeg; path = Krsna.jpg; sourceTree = "<group>"; };
		B60E9DF11FC070CF00BE988A /* Lakshmi.jpg */ = {isa = PBXFileReference; lastKnownFileType = image.jpeg; path = Lakshmi.jpg; sourceTree = "<group>"; };
		B60E9DF31FC070CF00BE988A /* Minakshi.jpg */ = {isa = PBXFileReference; lastKnownFileType = image.jpeg; path = Minakshi.jpg; sourceTree = "<group>"; };
		B60E9DF51FC070CF00BE988A /* Naga.jpg */ = {isa = PBXFileReference; lastKnownFileType = image.jpeg; path = Naga.jpg; sourceTree = "<group>"; };
		B60E9DF61FC070CF00BE988A /* Nandin.jpg */ = {isa = PBXFileReference; lastKnownFileType = image.jpeg; path = Nandin.jpg; sourceTree = "<group>"; };
		B60E9DFA1FC070CF00BE988A /* Sarasvati.jpg */ = {isa = PBXFileReference; lastKnownFileType = image.jpeg; path = Sarasvati.jpg; sourceTree = "<group>"; };
		B60E9DFF1FC070CF00BE988A /* Vishnu.jpg */ = {isa = PBXFileReference; lastKnownFileType = image.jpeg; path = Vishnu.jpg; sourceTree = "<group>"; };
		B60F293C1FC813B400238C25 /* yes.png */ = {isa = PBXFileReference; lastKnownFileType = image.png; path = yes.png; sourceTree = "<group>"; };
		B60F293E1FC813CD00238C25 /* no.png */ = {isa = PBXFileReference; lastKnownFileType = image.png; path = no.png; sourceTree = "<group>"; };
		B6109E9C1FB87585007B0776 /* quiz.app */ = {isa = PBXFileReference; explicitFileType = wrapper.application; includeInIndex = 0; path = quiz.app; sourceTree = BUILT_PRODUCTS_DIR; };
		B6109E9F1FB87585007B0776 /* AppDelegate.swift */ = {isa = PBXFileReference; lastKnownFileType = sourcecode.swift; path = AppDelegate.swift; sourceTree = "<group>"; };
		B6109EA41FB87585007B0776 /* Base */ = {isa = PBXFileReference; lastKnownFileType = file.storyboard; name = Base; path = Base.lproj/Main.storyboard; sourceTree = "<group>"; };
		B6109EA61FB87585007B0776 /* Assets.xcassets */ = {isa = PBXFileReference; lastKnownFileType = folder.assetcatalog; path = Assets.xcassets; sourceTree = "<group>"; };
		B6109EA91FB87585007B0776 /* Base */ = {isa = PBXFileReference; lastKnownFileType = file.storyboard; name = Base; path = Base.lproj/LaunchScreen.storyboard; sourceTree = "<group>"; };
		B6109EAB1FB87585007B0776 /* Info.plist */ = {isa = PBXFileReference; lastKnownFileType = text.plist.xml; path = Info.plist; sourceTree = "<group>"; };
		B6109EB01FB87585007B0776 /* quizTests.xctest */ = {isa = PBXFileReference; explicitFileType = wrapper.cfbundle; includeInIndex = 0; path = quizTests.xctest; sourceTree = BUILT_PRODUCTS_DIR; };
		B6109EB41FB87585007B0776 /* quizTests.swift */ = {isa = PBXFileReference; lastKnownFileType = sourcecode.swift; path = quizTests.swift; sourceTree = "<group>"; };
		B6109EB61FB87585007B0776 /* Info.plist */ = {isa = PBXFileReference; lastKnownFileType = text.plist.xml; path = Info.plist; sourceTree = "<group>"; };
		B6109EBB1FB87585007B0776 /* quizUITests.xctest */ = {isa = PBXFileReference; explicitFileType = wrapper.cfbundle; includeInIndex = 0; path = quizUITests.xctest; sourceTree = BUILT_PRODUCTS_DIR; };
		B6109EBF1FB87585007B0776 /* quizUITests.swift */ = {isa = PBXFileReference; lastKnownFileType = sourcecode.swift; path = quizUITests.swift; sourceTree = "<group>"; };
		B6109EC11FB87585007B0776 /* Info.plist */ = {isa = PBXFileReference; lastKnownFileType = text.plist.xml; path = Info.plist; sourceTree = "<group>"; };
		B610EF211FCFEEC100A56756 /* AVFoundation.framework */ = {isa = PBXFileReference; lastKnownFileType = wrapper.framework; name = AVFoundation.framework; path = System/Library/Frameworks/AVFoundation.framework; sourceTree = SDKROOT; };
		B610EF2B1FCFFC8700A56756 /* yes.mp3 */ = {isa = PBXFileReference; lastKnownFileType = audio.mp3; path = yes.mp3; sourceTree = "<group>"; };
		B61227B71FBDE0180063B159 /* background.jpg */ = {isa = PBXFileReference; lastKnownFileType = image.jpeg; path = background.jpg; sourceTree = "<group>"; };
		B61227B81FBDE0180063B159 /* title.jpg */ = {isa = PBXFileReference; lastKnownFileType = image.jpeg; path = title.jpg; sourceTree = "<group>"; };
		B61227BB1FBDEB140063B159 /* QuestionViewController.swift */ = {isa = PBXFileReference; lastKnownFileType = sourcecode.swift; path = QuestionViewController.swift; sourceTree = "<group>"; };
		B612B1121FC152F800C12E4C /* GodList.plist */ = {isa = PBXFileReference; lastKnownFileType = text.plist.xml; path = GodList.plist; sourceTree = "<group>"; };
		B612FCB61FDBDDA8007D10B7 /* next.wav */ = {isa = PBXFileReference; lastKnownFileType = audio.wav; path = next.wav; sourceTree = "<group>"; };
		B612FCB81FDBDF29007D10B7 /* start.mp3 */ = {isa = PBXFileReference; lastKnownFileType = audio.mp3; path = start.mp3; sourceTree = "<group>"; };
		B612FCBA1FDBDF7F007D10B7 /* cell.wav */ = {isa = PBXFileReference; lastKnownFileType = audio.wav; path = cell.wav; sourceTree = "<group>"; };
		B612FCBC1FDBE36B007D10B7 /* score0.mp3 */ = {isa = PBXFileReference; lastKnownFileType = audio.mp3; path = score0.mp3; sourceTree = "<group>"; };
		B612FCBE1FDBE36B007D10B7 /* score10.wav */ = {isa = PBXFileReference; lastKnownFileType = audio.wav; path = score10.wav; sourceTree = "<group>"; };
		B612FCBF1FDBE36B007D10B7 /* score50.mp3 */ = {isa = PBXFileReference; lastKnownFileType = audio.mp3; path = score50.mp3; sourceTree = "<group>"; };
		B612FCC01FDBE36B007D10B7 /* score60.wav */ = {isa = PBXFileReference; lastKnownFileType = audio.wav; path = score60.wav; sourceTree = "<group>"; };
		B612FCC11FDBE36B007D10B7 /* score100.wav */ = {isa = PBXFileReference; lastKnownFileType = audio.wav; path = score100.wav; sourceTree = "<group>"; };
		B612FCC21FDBE36B007D10B7 /* score70.mp3 */ = {isa = PBXFileReference; lastKnownFileType = audio.mp3; path = score70.mp3; sourceTree = "<group>"; };
		B612FCC31FDBE36C007D10B7 /* score80.mp3 */ = {isa = PBXFileReference; lastKnownFileType = audio.mp3; path = score80.mp3; sourceTree = "<group>"; };
		B612FCC41FDBE36C007D10B7 /* score20.wav */ = {isa = PBXFileReference; lastKnownFileType = audio.wav; path = score20.wav; sourceTree = "<group>"; };
		B612FCC51FDBE36C007D10B7 /* score30.mp3 */ = {isa = PBXFileReference; lastKnownFileType = audio.mp3; path = score30.mp3; sourceTree = "<group>"; };
		B612FCC61FDBE36C007D10B7 /* score90.mp3 */ = {isa = PBXFileReference; lastKnownFileType = audio.mp3; path = score90.mp3; sourceTree = "<group>"; };
		B612FCD61FDC392B007D10B7 /* faq.png */ = {isa = PBXFileReference; lastKnownFileType = image.png; path = faq.png; sourceTree = "<group>"; };
		B612FCD81FDC3A05007D10B7 /* list.png */ = {isa = PBXFileReference; lastKnownFileType = image.png; path = list.png; sourceTree = "<group>"; };
		B6139F2B1FC7A7BB00A5C4E3 /* TitleViewController.swift */ = {isa = PBXFileReference; fileEncoding = 4; lastKnownFileType = sourcecode.swift; path = TitleViewController.swift; sourceTree = "<group>"; };
		B6197A4D1FDEA8C300522E3D /* parvathi.jpg */ = {isa = PBXFileReference; lastKnownFileType = image.jpeg; path = parvathi.jpg; sourceTree = "<group>"; };
		B64AE8641FDD446B008043C4 /* Yama.jpg */ = {isa = PBXFileReference; lastKnownFileType = image.jpeg; path = Yama.jpg; sourceTree = "<group>"; };
		B64AE8681FDD48E2008043C4 /* Varuna.jpg */ = {isa = PBXFileReference; lastKnownFileType = image.jpeg; path = Varuna.jpg; sourceTree = "<group>"; };
		B64AE86A1FDD5019008043C4 /* Vayu.jpg */ = {isa = PBXFileReference; lastKnownFileType = image.jpeg; path = Vayu.jpg; sourceTree = "<group>"; };
		B64AE86C1FDD564B008043C4 /* Kubera.jpg */ = {isa = PBXFileReference; lastKnownFileType = image.jpeg; path = Kubera.jpg; sourceTree = "<group>"; };
		B64AE86E1FDD5C4F008043C4 /* Soma.jpg */ = {isa = PBXFileReference; lastKnownFileType = image.jpeg; path = Soma.jpg; sourceTree = "<group>"; };
		B64AE8701FDD609A008043C4 /* Kurma.jpg */ = {isa = PBXFileReference; lastKnownFileType = image.jpeg; path = Kurma.jpg; sourceTree = "<group>"; };
		B64AE8721FDD66E6008043C4 /* Kama.jpg */ = {isa = PBXFileReference; lastKnownFileType = image.jpeg; path = Kama.jpg; sourceTree = "<group>"; };
		B64AE8741FDD677E008043C4 /* Vamana.jpg */ = {isa = PBXFileReference; lastKnownFileType = image.jpeg; path = Vamana.jpg; sourceTree = "<group>"; };
		B64AE8761FDD67FC008043C4 /* Varaha.jpg */ = {isa = PBXFileReference; lastKnownFileType = image.jpeg; path = Varaha.jpg; sourceTree = "<group>"; };
		B64AE8781FDD6F82008043C4 /* score40.mp3 */ = {isa = PBXFileReference; lastKnownFileType = audio.mp3; path = score40.mp3; sourceTree = "<group>"; };
		B64AE87A1FDD7D35008043C4 /* godImg.jpg */ = {isa = PBXFileReference; lastKnownFileType = image.jpeg; path = godImg.jpg; sourceTree = "<group>"; };
		B6ADB5A11FBE871C00AB940A /* ListViewController.swift */ = {isa = PBXFileReference; lastKnownFileType = sourcecode.swift; path = ListViewController.swift; sourceTree = "<group>"; };
		B6B82A711FD9901A003589A3 /* wiki.wav */ = {isa = PBXFileReference; lastKnownFileType = audio.wav; path = wiki.wav; sourceTree = "<group>"; };
		B6B82A731FD99550003589A3 /* restart.wav */ = {isa = PBXFileReference; lastKnownFileType = audio.wav; path = restart.wav; sourceTree = "<group>"; };
		B6F6D27E1FC043FD00E71650 /* next.png */ = {isa = PBXFileReference; lastKnownFileType = image.png; path = next.png; sourceTree = "<group>"; };
		B6FDEB821FD40211004F9F0F /* no.mp3 */ = {isa = PBXFileReference; lastKnownFileType = audio.mp3; path = no.mp3; sourceTree = "<group>"; };
/* End PBXFileReference section */

/* Begin PBXFrameworksBuildPhase section */
		B6109E991FB87585007B0776 /* Frameworks */ = {
			isa = PBXFrameworksBuildPhase;
			buildActionMask = 2147483647;
			files = (
				B610EF221FCFEECD00A56756 /* AVFoundation.framework in Frameworks */,
			);
			runOnlyForDeploymentPostprocessing = 0;
		};
		B6109EAD1FB87585007B0776 /* Frameworks */ = {
			isa = PBXFrameworksBuildPhase;
			buildActionMask = 2147483647;
			files = (
			);
			runOnlyForDeploymentPostprocessing = 0;
		};
		B6109EB81FB87585007B0776 /* Frameworks */ = {
			isa = PBXFrameworksBuildPhase;
			buildActionMask = 2147483647;
			files = (
			);
			runOnlyForDeploymentPostprocessing = 0;
		};
/* End PBXFrameworksBuildPhase section */

/* Begin PBXGroup section */
		B60E9DDD1FC070CF00BE988A /* question_img */ = {
			isa = PBXGroup;
			children = (
				B60E9DDE1FC070CF00BE988A /* Agni.jpg */,
				B60E9DE01FC070CF00BE988A /* Brahma.jpg */,
				B608690A1FDE9751009EF361 /* Budha.jpg */,
				B60E9DE11FC070CF00BE988A /* Dakini.jpg */,
				B60E9DE21FC070CF00BE988A /* Durga.jpg */,
				B608690C1FDE9768009EF361 /* Ganga.jpg */,
				B60E9DE41FC070CF00BE988A /* Ganesa.jpg */,
				B608690E1FDE9793009EF361 /* Hanuman.jpg */,
				B60E9DE91FC070CF00BE988A /* Indra.jpg */,
				B60E9DEA1FC070CF00BE988A /* Jagannatha.gif */,
				B60869101FDE97B1009EF361 /* Kali.jpg */,
				B64AE86E1FDD5C4F008043C4 /* Soma.jpg */,
				B608691C1FDE98AF009EF361 /* Skanda.jpg */,
				B64AE8721FDD66E6008043C4 /* Kama.jpg */,
				B64AE8701FDD609A008043C4 /* Kurma.jpg */,
				B60E9DF01FC070CF00BE988A /* Krsna.jpg */,
				B60E9DF11FC070CF00BE988A /* Lakshmi.jpg */,
				B64AE86C1FDD564B008043C4 /* Kubera.jpg */,
				B60E9DF31FC070CF00BE988A /* Minakshi.jpg */,
				B60E9DF51FC070CF00BE988A /* Naga.jpg */,
				B60869121FDE97FD009EF361 /* Matsya.jpg */,
				B60E9DF61FC070CF00BE988A /* Nandin.jpg */,
				B60869141FDE9818009EF361 /* Nrisimha.jpg */,
				B6197A4D1FDEA8C300522E3D /* parvathi.jpg */,
				B60869161FDE9834009EF361 /* Parasurama.jpg */,
				B60869181FDE985F009EF361 /* Rama.jpg */,
				B608AF101FC19551009869EB /* Ravana.jpg */,
				B60E9DFA1FC070CF00BE988A /* Sarasvati.jpg */,
				B608691A1FDE9871009EF361 /* Shiva.jpg */,
				B608691E1FDE98C8009EF361 /* Surya.jpg */,
				B64AE8741FDD677E008043C4 /* Vamana.jpg */,
				B64AE8761FDD67FC008043C4 /* Varaha.jpg */,
				B64AE8681FDD48E2008043C4 /* Varuna.jpg */,
				B64AE86A1FDD5019008043C4 /* Vayu.jpg */,
				B60E9DFF1FC070CF00BE988A /* Vishnu.jpg */,
				B64AE8641FDD446B008043C4 /* Yama.jpg */,
			);
			path = question_img;
			sourceTree = "<group>";
		};
		B6109E931FB87585007B0776 = {
			isa = PBXGroup;
			children = (
				B6109E9E1FB87585007B0776 /* quiz */,
				B610EF231FCFF02E00A56756 /* sound */,
				B61227B61FBDE0180063B159 /* img */,
				B60E9DDD1FC070CF00BE988A /* question_img */,
				B6109EB31FB87585007B0776 /* quizTests */,
				B6109EBE1FB87585007B0776 /* quizUITests */,
				B6109E9D1FB87585007B0776 /* Products */,
				B610EF201FCFEEC100A56756 /* Frameworks */,
			);
			sourceTree = "<group>";
		};
		B6109E9D1FB87585007B0776 /* Products */ = {
			isa = PBXGroup;
			children = (
				B6109E9C1FB87585007B0776 /* quiz.app */,
				B6109EB01FB87585007B0776 /* quizTests.xctest */,
				B6109EBB1FB87585007B0776 /* quizUITests.xctest */,
			);
			name = Products;
			sourceTree = "<group>";
		};
		B6109E9E1FB87585007B0776 /* quiz */ = {
			isa = PBXGroup;
			children = (
				B6109E9F1FB87585007B0776 /* AppDelegate.swift */,
				B6139F2B1FC7A7BB00A5C4E3 /* TitleViewController.swift */,
				B61227BB1FBDEB140063B159 /* QuestionViewController.swift */,
				B605C0841FC673F700CA98F8 /* ScoreViewController.swift */,
				B6ADB5A11FBE871C00AB940A /* ListViewController.swift */,
				B600C1B11FC1D4AF005A4CC9 /* DetailViewController.swift */,
				B6109EA31FB87585007B0776 /* Main.storyboard */,
				B6109EA61FB87585007B0776 /* Assets.xcassets */,
				B6109EA81FB87585007B0776 /* LaunchScreen.storyboard */,
				B6109EAB1FB87585007B0776 /* Info.plist */,
				B612B1121FC152F800C12E4C /* GodList.plist */,
				B609F9AE1FD5B6DB00374310 /* CustomTableViewCell.swift */,
			);
			path = quiz;
			sourceTree = "<group>";
		};
		B6109EB31FB87585007B0776 /* quizTests */ = {
			isa = PBXGroup;
			children = (
				B6109EB41FB87585007B0776 /* quizTests.swift */,
				B6109EB61FB87585007B0776 /* Info.plist */,
			);
			path = quizTests;
			sourceTree = "<group>";
		};
		B6109EBE1FB87585007B0776 /* quizUITests */ = {
			isa = PBXGroup;
			children = (
				B6109EBF1FB87585007B0776 /* quizUITests.swift */,
				B6109EC11FB87585007B0776 /* Info.plist */,
			);
			path = quizUITests;
			sourceTree = "<group>";
		};
		B610EF201FCFEEC100A56756 /* Frameworks */ = {
			isa = PBXGroup;
			children = (
				B610EF211FCFEEC100A56756 /* AVFoundation.framework */,
			);
			name = Frameworks;
			sourceTree = "<group>";
		};
		B610EF231FCFF02E00A56756 /* sound */ = {
			isa = PBXGroup;
			children = (
				B612FCBC1FDBE36B007D10B7 /* score0.mp3 */,
				B612FCBE1FDBE36B007D10B7 /* score10.wav */,
				B612FCC41FDBE36C007D10B7 /* score20.wav */,
				B612FCC51FDBE36C007D10B7 /* score30.mp3 */,
				B64AE8781FDD6F82008043C4 /* score40.mp3 */,
				B612FCBF1FDBE36B007D10B7 /* score50.mp3 */,
				B612FCC01FDBE36B007D10B7 /* score60.wav */,
				B612FCC21FDBE36B007D10B7 /* score70.mp3 */,
				B612FCC31FDBE36C007D10B7 /* score80.mp3 */,
				B612FCC61FDBE36C007D10B7 /* score90.mp3 */,
				B612FCC11FDBE36B007D10B7 /* score100.wav */,
				B612FCB61FDBDDA8007D10B7 /* next.wav */,
				B612FCBA1FDBDF7F007D10B7 /* cell.wav */,
				B612FCB81FDBDF29007D10B7 /* start.mp3 */,
				B6B82A731FD99550003589A3 /* restart.wav */,
				B6B82A711FD9901A003589A3 /* wiki.wav */,
				B6FDEB821FD40211004F9F0F /* no.mp3 */,
				B610EF2B1FCFFC8700A56756 /* yes.mp3 */,
			);
			path = sound;
			sourceTree = "<group>";
		};
		B61227B61FBDE0180063B159 /* img */ = {
			isa = PBXGroup;
			children = (
				B64AE87A1FDD7D35008043C4 /* godImg.jpg */,
				B612FCD81FDC3A05007D10B7 /* list.png */,
				B612FCD61FDC392B007D10B7 /* faq.png */,
				B61227B71FBDE0180063B159 /* background.jpg */,
				B61227B81FBDE0180063B159 /* title.jpg */,
				B60F293C1FC813B400238C25 /* yes.png */,
				B60F293E1FC813CD00238C25 /* no.png */,
				B6F6D27E1FC043FD00E71650 /* next.png */,
			);
			path = img;
			sourceTree = "<group>";
		};
/* End PBXGroup section */

/* Begin PBXNativeTarget section */
		B6109E9B1FB87585007B0776 /* quiz */ = {
			isa = PBXNativeTarget;
			buildConfigurationList = B6109EC41FB87585007B0776 /* Build configuration list for PBXNativeTarget "quiz" */;
			buildPhases = (
				B6109E981FB87585007B0776 /* Sources */,
				B6109E991FB87585007B0776 /* Frameworks */,
				B6109E9A1FB87585007B0776 /* Resources */,
			);
			buildRules = (
			);
			dependencies = (
			);
			name = quiz;
			productName = quiz;
			productReference = B6109E9C1FB87585007B0776 /* quiz.app */;
			productType = "com.apple.product-type.application";
		};
		B6109EAF1FB87585007B0776 /* quizTests */ = {
			isa = PBXNativeTarget;
			buildConfigurationList = B6109EC71FB87585007B0776 /* Build configuration list for PBXNativeTarget "quizTests" */;
			buildPhases = (
				B6109EAC1FB87585007B0776 /* Sources */,
				B6109EAD1FB87585007B0776 /* Frameworks */,
				B6109EAE1FB87585007B0776 /* Resources */,
			);
			buildRules = (
			);
			dependencies = (
				B6109EB21FB87585007B0776 /* PBXTargetDependency */,
			);
			name = quizTests;
			productName = quizTests;
			productReference = B6109EB01FB87585007B0776 /* quizTests.xctest */;
			productType = "com.apple.product-type.bundle.unit-test";
		};
		B6109EBA1FB87585007B0776 /* quizUITests */ = {
			isa = PBXNativeTarget;
			buildConfigurationList = B6109ECA1FB87585007B0776 /* Build configuration list for PBXNativeTarget "quizUITests" */;
			buildPhases = (
				B6109EB71FB87585007B0776 /* Sources */,
				B6109EB81FB87585007B0776 /* Frameworks */,
				B6109EB91FB87585007B0776 /* Resources */,
			);
			buildRules = (
			);
			dependencies = (
				B6109EBD1FB87585007B0776 /* PBXTargetDependency */,
			);
			name = quizUITests;
			productName = quizUITests;
			productReference = B6109EBB1FB87585007B0776 /* quizUITests.xctest */;
			productType = "com.apple.product-type.bundle.ui-testing";
		};
/* End PBXNativeTarget section */

/* Begin PBXProject section */
		B6109E941FB87585007B0776 /* Project object */ = {
			isa = PBXProject;
			attributes = {
				LastSwiftUpdateCheck = 0910;
				LastUpgradeCheck = 0910;
				ORGANIZATIONNAME = "Masashi Hamano";
				TargetAttributes = {
					B6109E9B1FB87585007B0776 = {
						CreatedOnToolsVersion = 9.1;
						ProvisioningStyle = Automatic;
					};
					B6109EAF1FB87585007B0776 = {
						CreatedOnToolsVersion = 9.1;
						ProvisioningStyle = Automatic;
						TestTargetID = B6109E9B1FB87585007B0776;
					};
					B6109EBA1FB87585007B0776 = {
						CreatedOnToolsVersion = 9.1;
						ProvisioningStyle = Automatic;
						TestTargetID = B6109E9B1FB87585007B0776;
					};
				};
			};
			buildConfigurationList = B6109E971FB87585007B0776 /* Build configuration list for PBXProject "quiz" */;
			compatibilityVersion = "Xcode 8.0";
			developmentRegion = en;
			hasScannedForEncodings = 0;
			knownRegions = (
				en,
				Base,
			);
			mainGroup = B6109E931FB87585007B0776;
			productRefGroup = B6109E9D1FB87585007B0776 /* Products */;
			projectDirPath = "";
			projectRoot = "";
			targets = (
				B6109E9B1FB87585007B0776 /* quiz */,
				B6109EAF1FB87585007B0776 /* quizTests */,
				B6109EBA1FB87585007B0776 /* quizUITests */,
			);
		};
/* End PBXProject section */

/* Begin PBXResourcesBuildPhase section */
		B6109E9A1FB87585007B0776 /* Resources */ = {
			isa = PBXResourcesBuildPhase;
			buildActionMask = 2147483647;
			files = (
				B608690B1FDE9751009EF361 /* Budha.jpg in Resources */,
				B60E9E0B1FC070D000BE988A /* Indra.jpg in Resources */,
				B60E9E131FC070D000BE988A /* Lakshmi.jpg in Resources */,
				B64AE86B1FDD5019008043C4 /* Vayu.jpg in Resources */,
				B60E9E151FC070D000BE988A /* Minakshi.jpg in Resources */,
				B612FCC91FDBE36C007D10B7 /* score10.wav in Resources */,
				B64AE8691FDD48E2008043C4 /* Varuna.jpg in Resources */,
				B60F293F1FC813CD00238C25 /* no.png in Resources */,
				B60E9E181FC070D000BE988A /* Nandin.jpg in Resources */,
				B6109EAA1FB87585007B0776 /* LaunchScreen.storyboard in Resources */,
				B612FCCF1FDBE36C007D10B7 /* score20.wav in Resources */,
				B612FCB91FDBDF29007D10B7 /* start.mp3 in Resources */,
				B60E9E001FC070D000BE988A /* Agni.jpg in Resources */,
				B612FCCC1FDBE36C007D10B7 /* score100.wav in Resources */,
				B6F6D27F1FC043FE00E71650 /* next.png in Resources */,
				B60E9E021FC070D000BE988A /* Brahma.jpg in Resources */,
				B612FCCE1FDBE36C007D10B7 /* score80.mp3 in Resources */,
				B612B1131FC152F800C12E4C /* GodList.plist in Resources */,
				B64AE86D1FDD564B008043C4 /* Kubera.jpg in Resources */,
				B612FCD01FDBE36C007D10B7 /* score30.mp3 in Resources */,
				B608691D1FDE98B0009EF361 /* Skanda.jpg in Resources */,
				B612FCC71FDBE36C007D10B7 /* score0.mp3 in Resources */,
				B64AE8771FDD67FC008043C4 /* Varaha.jpg in Resources */,
				B608AF111FC19551009869EB /* Ravana.jpg in Resources */,
				B60869171FDE9834009EF361 /* Parasurama.jpg in Resources */,
				B64AE87B1FDD7D35008043C4 /* godImg.jpg in Resources */,
				B60E9E211FC070D000BE988A /* Vishnu.jpg in Resources */,
				B60869131FDE97FD009EF361 /* Matsya.jpg in Resources */,
				B60F293D1FC813B400238C25 /* yes.png in Resources */,
				B612FCD91FDC3A05007D10B7 /* list.png in Resources */,
				B60E9E121FC070D000BE988A /* Krsna.jpg in Resources */,
				B60869151FDE9818009EF361 /* Nrisimha.jpg in Resources */,
				B6B82A741FD99550003589A3 /* restart.wav in Resources */,
				B612FCCB1FDBE36C007D10B7 /* score60.wav in Resources */,
				B610EF2C1FCFFC8700A56756 /* yes.mp3 in Resources */,
				B612FCBB1FDBDF7F007D10B7 /* cell.wav in Resources */,
				B61227B91FBDE0180063B159 /* background.jpg in Resources */,
				B60E9E061FC070D000BE988A /* Ganesa.jpg in Resources */,
				B608690F1FDE9794009EF361 /* Hanuman.jpg in Resources */,
				B6109EA71FB87585007B0776 /* Assets.xcassets in Resources */,
				B64AE8711FDD609A008043C4 /* Kurma.jpg in Resources */,
				B6B82A721FD9901A003589A3 /* wiki.wav in Resources */,
				B6109EA51FB87585007B0776 /* Main.storyboard in Resources */,
				B612FCCD1FDBE36C007D10B7 /* score70.mp3 in Resources */,
				B60869111FDE97B1009EF361 /* Kali.jpg in Resources */,
				B64AE8751FDD677F008043C4 /* Vamana.jpg in Resources */,
				B608691B1FDE9871009EF361 /* Shiva.jpg in Resources */,
				B60E9E171FC070D000BE988A /* Naga.jpg in Resources */,
				B612FCCA1FDBE36C007D10B7 /* score50.mp3 in Resources */,
				B608691F1FDE98C9009EF361 /* Surya.jpg in Resources */,
				B60869191FDE985F009EF361 /* Rama.jpg in Resources */,
				B608690D1FDE9769009EF361 /* Ganga.jpg in Resources */,
				B612FCD71FDC392B007D10B7 /* faq.png in Resources */,
				B64AE8731FDD66E7008043C4 /* Kama.jpg in Resources */,
				B612FCB71FDBDDA9007D10B7 /* next.wav in Resources */,
				B60E9E031FC070D000BE988A /* Dakini.jpg in Resources */,
				B612FCD11FDBE36C007D10B7 /* score90.mp3 in Resources */,
				B61227BA1FBDE0180063B159 /* title.jpg in Resources */,
				B6197A4E1FDEA8C300522E3D /* parvathi.jpg in Resources */,
				B64AE8651FDD446B008043C4 /* Yama.jpg in Resources */,
				B64AE8791FDD6F82008043C4 /* score40.mp3 in Resources */,
				B64AE86F1FDD5C50008043C4 /* Soma.jpg in Resources */,
				B60E9E1C1FC070D000BE988A /* Sarasvati.jpg in Resources */,
				B6FDEB831FD40211004F9F0F /* no.mp3 in Resources */,
				B60E9E041FC070D000BE988A /* Durga.jpg in Resources */,
				B60E9E0C1FC070D000BE988A /* Jagannatha.gif in Resources */,
			);
			runOnlyForDeploymentPostprocessing = 0;
		};
		B6109EAE1FB87585007B0776 /* Resources */ = {
			isa = PBXResourcesBuildPhase;
			buildActionMask = 2147483647;
			files = (
			);
			runOnlyForDeploymentPostprocessing = 0;
		};
		B6109EB91FB87585007B0776 /* Resources */ = {
			isa = PBXResourcesBuildPhase;
			buildActionMask = 2147483647;
			files = (
			);
			runOnlyForDeploymentPostprocessing = 0;
		};
/* End PBXResourcesBuildPhase section */

/* Begin PBXSourcesBuildPhase section */
		B6109E981FB87585007B0776 /* Sources */ = {
			isa = PBXSourcesBuildPhase;
			buildActionMask = 2147483647;
			files = (
				B61227BC1FBDEB140063B159 /* QuestionViewController.swift in Sources */,
				B600C1B21FC1D4AF005A4CC9 /* DetailViewController.swift in Sources */,
				B6ADB5A21FBE871C00AB940A /* ListViewController.swift in Sources */,
				B609F9AF1FD5B6DB00374310 /* CustomTableViewCell.swift in Sources */,
				B6109EA01FB87585007B0776 /* AppDelegate.swift in Sources */,
				B605C0851FC673F700CA98F8 /* ScoreViewController.swift in Sources */,
				B6139F2C1FC7A7BB00A5C4E3 /* TitleViewController.swift in Sources */,
			);
			runOnlyForDeploymentPostprocessing = 0;
		};
		B6109EAC1FB87585007B0776 /* Sources */ = {
			isa = PBXSourcesBuildPhase;
			buildActionMask = 2147483647;
			files = (
				B6109EB51FB87585007B0776 /* quizTests.swift in Sources */,
			);
			runOnlyForDeploymentPostprocessing = 0;
		};
		B6109EB71FB87585007B0776 /* Sources */ = {
			isa = PBXSourcesBuildPhase;
			buildActionMask = 2147483647;
			files = (
				B6109EC01FB87585007B0776 /* quizUITests.swift in Sources */,
			);
			runOnlyForDeploymentPostprocessing = 0;
		};
/* End PBXSourcesBuildPhase section */

/* Begin PBXTargetDependency section */
		B6109EB21FB87585007B0776 /* PBXTargetDependency */ = {
			isa = PBXTargetDependency;
			target = B6109E9B1FB87585007B0776 /* quiz */;
			targetProxy = B6109EB11FB87585007B0776 /* PBXContainerItemProxy */;
		};
		B6109EBD1FB87585007B0776 /* PBXTargetDependency */ = {
			isa = PBXTargetDependency;
			target = B6109E9B1FB87585007B0776 /* quiz */;
			targetProxy = B6109EBC1FB87585007B0776 /* PBXContainerItemProxy */;
		};
/* End PBXTargetDependency section */

/* Begin PBXVariantGroup section */
		B6109EA31FB87585007B0776 /* Main.storyboard */ = {
			isa = PBXVariantGroup;
			children = (
				B6109EA41FB87585007B0776 /* Base */,
			);
			name = Main.storyboard;
			sourceTree = "<group>";
		};
		B6109EA81FB87585007B0776 /* LaunchScreen.storyboard */ = {
			isa = PBXVariantGroup;
			children = (
				B6109EA91FB87585007B0776 /* Base */,
			);
			name = LaunchScreen.storyboard;
			sourceTree = "<group>";
		};
/* End PBXVariantGroup section */

/* Begin XCBuildConfiguration section */
		B6109EC21FB87585007B0776 /* Debug */ = {
			isa = XCBuildConfiguration;
			buildSettings = {
				ALWAYS_SEARCH_USER_PATHS = NO;
				CLANG_ANALYZER_NONNULL = YES;
				CLANG_ANALYZER_NUMBER_OBJECT_CONVERSION = YES_AGGRESSIVE;
				CLANG_CXX_LANGUAGE_STANDARD = "gnu++14";
				CLANG_CXX_LIBRARY = "libc++";
				CLANG_ENABLE_MODULES = YES;
				CLANG_ENABLE_OBJC_ARC = YES;
				CLANG_WARN_BLOCK_CAPTURE_AUTORELEASING = YES;
				CLANG_WARN_BOOL_CONVERSION = YES;
				CLANG_WARN_COMMA = YES;
				CLANG_WARN_CONSTANT_CONVERSION = YES;
				CLANG_WARN_DIRECT_OBJC_ISA_USAGE = YES_ERROR;
				CLANG_WARN_DOCUMENTATION_COMMENTS = YES;
				CLANG_WARN_EMPTY_BODY = YES;
				CLANG_WARN_ENUM_CONVERSION = YES;
				CLANG_WARN_INFINITE_RECURSION = YES;
				CLANG_WARN_INT_CONVERSION = YES;
				CLANG_WARN_NON_LITERAL_NULL_CONVERSION = YES;
				CLANG_WARN_OBJC_LITERAL_CONVERSION = YES;
				CLANG_WARN_OBJC_ROOT_CLASS = YES_ERROR;
				CLANG_WARN_RANGE_LOOP_ANALYSIS = YES;
				CLANG_WARN_STRICT_PROTOTYPES = YES;
				CLANG_WARN_SUSPICIOUS_MOVE = YES;
				CLANG_WARN_UNGUARDED_AVAILABILITY = YES_AGGRESSIVE;
				CLANG_WARN_UNREACHABLE_CODE = YES;
				CLANG_WARN__DUPLICATE_METHOD_MATCH = YES;
				CODE_SIGN_IDENTITY = "iPhone Developer";
				COPY_PHASE_STRIP = NO;
				DEBUG_INFORMATION_FORMAT = dwarf;
				ENABLE_STRICT_OBJC_MSGSEND = YES;
				ENABLE_TESTABILITY = YES;
				GCC_C_LANGUAGE_STANDARD = gnu11;
				GCC_DYNAMIC_NO_PIC = NO;
				GCC_NO_COMMON_BLOCKS = YES;
				GCC_OPTIMIZATION_LEVEL = 0;
				GCC_PREPROCESSOR_DEFINITIONS = (
					"DEBUG=1",
					"$(inherited)",
				);
				GCC_WARN_64_TO_32_BIT_CONVERSION = YES;
				GCC_WARN_ABOUT_RETURN_TYPE = YES_ERROR;
				GCC_WARN_UNDECLARED_SELECTOR = YES;
				GCC_WARN_UNINITIALIZED_AUTOS = YES_AGGRESSIVE;
				GCC_WARN_UNUSED_FUNCTION = YES;
				GCC_WARN_UNUSED_VARIABLE = YES;
				IPHONEOS_DEPLOYMENT_TARGET = 11.1;
				MTL_ENABLE_DEBUG_INFO = YES;
				ONLY_ACTIVE_ARCH = YES;
				SDKROOT = iphoneos;
				SWIFT_ACTIVE_COMPILATION_CONDITIONS = DEBUG;
				SWIFT_OPTIMIZATION_LEVEL = "-Onone";
			};
			name = Debug;
		};
		B6109EC31FB87585007B0776 /* Release */ = {
			isa = XCBuildConfiguration;
			buildSettings = {
				ALWAYS_SEARCH_USER_PATHS = NO;
				CLANG_ANALYZER_NONNULL = YES;
				CLANG_ANALYZER_NUMBER_OBJECT_CONVERSION = YES_AGGRESSIVE;
				CLANG_CXX_LANGUAGE_STANDARD = "gnu++14";
				CLANG_CXX_LIBRARY = "libc++";
				CLANG_ENABLE_MODULES = YES;
				CLANG_ENABLE_OBJC_ARC = YES;
				CLANG_WARN_BLOCK_CAPTURE_AUTORELEASING = YES;
				CLANG_WARN_BOOL_CONVERSION = YES;
				CLANG_WARN_COMMA = YES;
				CLANG_WARN_CONSTANT_CONVERSION = YES;
				CLANG_WARN_DIRECT_OBJC_ISA_USAGE = YES_ERROR;
				CLANG_WARN_DOCUMENTATION_COMMENTS = YES;
				CLANG_WARN_EMPTY_BODY = YES;
				CLANG_WARN_ENUM_CONVERSION = YES;
				CLANG_WARN_INFINITE_RECURSION = YES;
				CLANG_WARN_INT_CONVERSION = YES;
				CLANG_WARN_NON_LITERAL_NULL_CONVERSION = YES;
				CLANG_WARN_OBJC_LITERAL_CONVERSION = YES;
				CLANG_WARN_OBJC_ROOT_CLASS = YES_ERROR;
				CLANG_WARN_RANGE_LOOP_ANALYSIS = YES;
				CLANG_WARN_STRICT_PROTOTYPES = YES;
				CLANG_WARN_SUSPICIOUS_MOVE = YES;
				CLANG_WARN_UNGUARDED_AVAILABILITY = YES_AGGRESSIVE;
				CLANG_WARN_UNREACHABLE_CODE = YES;
				CLANG_WARN__DUPLICATE_METHOD_MATCH = YES;
				CODE_SIGN_IDENTITY = "iPhone Developer";
				COPY_PHASE_STRIP = NO;
				DEBUG_INFORMATION_FORMAT = "dwarf-with-dsym";
				ENABLE_NS_ASSERTIONS = NO;
				ENABLE_STRICT_OBJC_MSGSEND = YES;
				GCC_C_LANGUAGE_STANDARD = gnu11;
				GCC_NO_COMMON_BLOCKS = YES;
				GCC_WARN_64_TO_32_BIT_CONVERSION = YES;
				GCC_WARN_ABOUT_RETURN_TYPE = YES_ERROR;
				GCC_WARN_UNDECLARED_SELECTOR = YES;
				GCC_WARN_UNINITIALIZED_AUTOS = YES_AGGRESSIVE;
				GCC_WARN_UNUSED_FUNCTION = YES;
				GCC_WARN_UNUSED_VARIABLE = YES;
				IPHONEOS_DEPLOYMENT_TARGET = 11.1;
				MTL_ENABLE_DEBUG_INFO = NO;
				SDKROOT = iphoneos;
				SWIFT_OPTIMIZATION_LEVEL = "-Owholemodule";
				VALIDATE_PRODUCT = YES;
			};
			name = Release;
		};
		B6109EC51FB87585007B0776 /* Debug */ = {
			isa = XCBuildConfiguration;
			buildSettings = {
				ASSETCATALOG_COMPILER_APPICON_NAME = AppIcon;
				CODE_SIGN_STYLE = Automatic;
				DEVELOPMENT_TEAM = P4RSQ27U8C;
				INFOPLIST_FILE = quiz/Info.plist;
				IPHONEOS_DEPLOYMENT_TARGET = 11.0;
				LD_RUNPATH_SEARCH_PATHS = "$(inherited) @executable_path/Frameworks";
				PRODUCT_BUNDLE_IDENTIFIER = com.gmail.masashi.hamano.quiz;
				PRODUCT_NAME = "$(TARGET_NAME)";
				SWIFT_VERSION = 4.0;
				TARGETED_DEVICE_FAMILY = "1,2";
			};
			name = Debug;
		};
		B6109EC61FB87585007B0776 /* Release */ = {
			isa = XCBuildConfiguration;
			buildSettings = {
				ASSETCATALOG_COMPILER_APPICON_NAME = AppIcon;
				CODE_SIGN_STYLE = Automatic;
				DEVELOPMENT_TEAM = P4RSQ27U8C;
				INFOPLIST_FILE = quiz/Info.plist;
				IPHONEOS_DEPLOYMENT_TARGET = 11.0;
				LD_RUNPATH_SEARCH_PATHS = "$(inherited) @executable_path/Frameworks";
				PRODUCT_BUNDLE_IDENTIFIER = com.gmail.masashi.hamano.quiz;
				PRODUCT_NAME = "$(TARGET_NAME)";
				SWIFT_VERSION = 4.0;
				TARGETED_DEVICE_FAMILY = "1,2";
			};
			name = Release;
		};
		B6109EC81FB87585007B0776 /* Debug */ = {
			isa = XCBuildConfiguration;
			buildSettings = {
				ALWAYS_EMBED_SWIFT_STANDARD_LIBRARIES = YES;
				BUNDLE_LOADER = "$(TEST_HOST)";
				CODE_SIGN_STYLE = Automatic;
				INFOPLIST_FILE = quizTests/Info.plist;
				LD_RUNPATH_SEARCH_PATHS = "$(inherited) @executable_path/Frameworks @loader_path/Frameworks";
				PRODUCT_BUNDLE_IDENTIFIER = com.gmail.masashi.hamano.quizTests;
				PRODUCT_NAME = "$(TARGET_NAME)";
				SWIFT_VERSION = 4.0;
				TARGETED_DEVICE_FAMILY = "1,2";
				TEST_HOST = "$(BUILT_PRODUCTS_DIR)/quiz.app/quiz";
			};
			name = Debug;
		};
		B6109EC91FB87585007B0776 /* Release */ = {
			isa = XCBuildConfiguration;
			buildSettings = {
				ALWAYS_EMBED_SWIFT_STANDARD_LIBRARIES = YES;
				BUNDLE_LOADER = "$(TEST_HOST)";
				CODE_SIGN_STYLE = Automatic;
				INFOPLIST_FILE = quizTests/Info.plist;
				LD_RUNPATH_SEARCH_PATHS = "$(inherited) @executable_path/Frameworks @loader_path/Frameworks";
				PRODUCT_BUNDLE_IDENTIFIER = com.gmail.masashi.hamano.quizTests;
				PRODUCT_NAME = "$(TARGET_NAME)";
				SWIFT_VERSION = 4.0;
				TARGETED_DEVICE_FAMILY = "1,2";
				TEST_HOST = "$(BUILT_PRODUCTS_DIR)/quiz.app/quiz";
			};
			name = Release;
		};
		B6109ECB1FB87585007B0776 /* Debug */ = {
			isa = XCBuildConfiguration;
			buildSettings = {
				ALWAYS_EMBED_SWIFT_STANDARD_LIBRARIES = YES;
				CODE_SIGN_STYLE = Automatic;
				INFOPLIST_FILE = quizUITests/Info.plist;
				LD_RUNPATH_SEARCH_PATHS = "$(inherited) @executable_path/Frameworks @loader_path/Frameworks";
				PRODUCT_BUNDLE_IDENTIFIER = com.gmail.masashi.hamano.quizUITests;
				PRODUCT_NAME = "$(TARGET_NAME)";
				SWIFT_VERSION = 4.0;
				TARGETED_DEVICE_FAMILY = "1,2";
				TEST_TARGET_NAME = quiz;
			};
			name = Debug;
		};
		B6109ECC1FB87585007B0776 /* Release */ = {
			isa = XCBuildConfiguration;
			buildSettings = {
				ALWAYS_EMBED_SWIFT_STANDARD_LIBRARIES = YES;
				CODE_SIGN_STYLE = Automatic;
				INFOPLIST_FILE = quizUITests/Info.plist;
				LD_RUNPATH_SEARCH_PATHS = "$(inherited) @executable_path/Frameworks @loader_path/Frameworks";
				PRODUCT_BUNDLE_IDENTIFIER = com.gmail.masashi.hamano.quizUITests;
				PRODUCT_NAME = "$(TARGET_NAME)";
				SWIFT_VERSION = 4.0;
				TARGETED_DEVICE_FAMILY = "1,2";
				TEST_TARGET_NAME = quiz;
			};
			name = Release;
		};
/* End XCBuildConfiguration section */

/* Begin XCConfigurationList section */
		B6109E971FB87585007B0776 /* Build configuration list for PBXProject "quiz" */ = {
			isa = XCConfigurationList;
			buildConfigurations = (
				B6109EC21FB87585007B0776 /* Debug */,
				B6109EC31FB87585007B0776 /* Release */,
			);
			defaultConfigurationIsVisible = 0;
			defaultConfigurationName = Release;
		};
		B6109EC41FB87585007B0776 /* Build configuration list for PBXNativeTarget "quiz" */ = {
			isa = XCConfigurationList;
			buildConfigurations = (
				B6109EC51FB87585007B0776 /* Debug */,
				B6109EC61FB87585007B0776 /* Release */,
			);
			defaultConfigurationIsVisible = 0;
			defaultConfigurationName = Release;
		};
		B6109EC71FB87585007B0776 /* Build configuration list for PBXNativeTarget "quizTests" */ = {
			isa = XCConfigurationList;
			buildConfigurations = (
				B6109EC81FB87585007B0776 /* Debug */,
				B6109EC91FB87585007B0776 /* Release */,
			);
			defaultConfigurationIsVisible = 0;
			defaultConfigurationName = Release;
		};
		B6109ECA1FB87585007B0776 /* Build configuration list for PBXNativeTarget "quizUITests" */ = {
			isa = XCConfigurationList;
			buildConfigurations = (
				B6109ECB1FB87585007B0776 /* Debug */,
				B6109ECC1FB87585007B0776 /* Release */,
			);
			defaultConfigurationIsVisible = 0;
			defaultConfigurationName = Release;
		};
/* End XCConfigurationList section */
	};
	rootObject = B6109E941FB87585007B0776 /* Project object */;
}
