// !$*UTF8*$!
{
	archiveVersion = 1;
	classes = {
	};
	objectVersion = 48;
	objects = {

/* Begin PBXBuildFile section */
		B6109EA01FB87585007B0776 /* AppDelegate.swift in Sources */ = {isa = PBXBuildFile; fileRef = B6109E9F1FB87585007B0776 /* AppDelegate.swift */; };
		B6109EA21FB87585007B0776 /* ViewController.swift in Sources */ = {isa = PBXBuildFile; fileRef = B6109EA11FB87585007B0776 /* ViewController.swift */; };
		B6109EA51FB87585007B0776 /* Main.storyboard in Resources */ = {isa = PBXBuildFile; fileRef = B6109EA31FB87585007B0776 /* Main.storyboard */; };
		B6109EA71FB87585007B0776 /* Assets.xcassets in Resources */ = {isa = PBXBuildFile; fileRef = B6109EA61FB87585007B0776 /* Assets.xcassets */; };
		B6109EAA1FB87585007B0776 /* LaunchScreen.storyboard in Resources */ = {isa = PBXBuildFile; fileRef = B6109EA81FB87585007B0776 /* LaunchScreen.storyboard */; };
		B6109EB51FB87585007B0776 /* quizTests.swift in Sources */ = {isa = PBXBuildFile; fileRef = B6109EB41FB87585007B0776 /* quizTests.swift */; };
		B6109EC01FB87585007B0776 /* quizUITests.swift in Sources */ = {isa = PBXBuildFile; fileRef = B6109EBF1FB87585007B0776 /* quizUITests.swift */; };
		B61227B91FBDE0180063B159 /* background.jpg in Resources */ = {isa = PBXBuildFile; fileRef = B61227B71FBDE0180063B159 /* background.jpg */; };
		B61227BA1FBDE0180063B159 /* title.jpg in Resources */ = {isa = PBXBuildFile; fileRef = B61227B81FBDE0180063B159 /* title.jpg */; };
		B61227BC1FBDEB140063B159 /* questionViewController.swift in Sources */ = {isa = PBXBuildFile; fileRef = B61227BB1FBDEB140063B159 /* questionViewController.swift */; };
/* End PBXBuildFile section */

/* Begin PBXContainerItemProxy section */
		B6109EB11FB87585007B0776 /* PBXContainerItemProxy */ = {
			isa = PBXContainerItemProxy;
			containerPortal = B6109E941FB87585007B0776 /* Project object */;
			proxyType = 1;
			remoteGlobalIDString = B6109E9B1FB87585007B0776;
			remoteInfo = quiz;
		};
		B6109EBC1FB87585007B0776 /* PBXContainerItemProxy */ = {
			isa = PBXContainerItemProxy;
			containerPortal = B6109E941FB87585007B0776 /* Project object */;
			proxyType = 1;
			remoteGlobalIDString = B6109E9B1FB87585007B0776;
			remoteInfo = quiz;
		};
/* End PBXContainerItemProxy section */

/* Begin PBXFileReference section */
		B6109E9C1FB87585007B0776 /* quiz.app */ = {isa = PBXFileReference; explicitFileType = wrapper.application; includeInIndex = 0; path = quiz.app; sourceTree = BUILT_PRODUCTS_DIR; };
		B6109E9F1FB87585007B0776 /* AppDelegate.swift */ = {isa = PBXFileReference; lastKnownFileType = sourcecode.swift; path = AppDelegate.swift; sourceTree = "<group>"; };
		B6109EA11FB87585007B0776 /* ViewController.swift */ = {isa = PBXFileReference; lastKnownFileType = sourcecode.swift; path = ViewController.swift; sourceTree = "<group>"; };
		B6109EA41FB87585007B0776 /* Base */ = {isa = PBXFileReference; lastKnownFileType = file.storyboard; name = Base; path = Base.lproj/Main.storyboard; sourceTree = "<group>"; };
		B6109EA61FB87585007B0776 /* Assets.xcassets */ = {isa = PBXFileReference; lastKnownFileType = folder.assetcatalog; path = Assets.xcassets; sourceTree = "<group>"; };
		B6109EA91FB87585007B0776 /* Base */ = {isa = PBXFileReference; lastKnownFileType = file.storyboard; name = Base; path = Base.lproj/LaunchScreen.storyboard; sourceTree = "<group>"; };
		B6109EAB1FB87585007B0776 /* Info.plist */ = {isa = PBXFileReference; lastKnownFileType = text.plist.xml; path = Info.plist; sourceTree = "<group>"; };
		B6109EB01FB87585007B0776 /* quizTests.xctest */ = {isa = PBXFileReference; explicitFileType = wrapper.cfbundle; includeInIndex = 0; path = quizTests.xctest; sourceTree = BUILT_PRODUCTS_DIR; };
		B6109EB41FB87585007B0776 /* quizTests.swift */ = {isa = PBXFileReference; lastKnownFileType = sourcecode.swift; path = quizTests.swift; sourceTree = "<group>"; };
		B6109EB61FB87585007B0776 /* Info.plist */ = {isa = PBXFileReference; lastKnownFileType = text.plist.xml; path = Info.plist; sourceTree = "<group>"; };
		B6109EBB1FB87585007B0776 /* quizUITests.xctest */ = {isa = PBXFileReference; explicitFileType = wrapper.cfbundle; includeInIndex = 0; path = quizUITests.xctest; sourceTree = BUILT_PRODUCTS_DIR; };
		B6109EBF1FB87585007B0776 /* quizUITests.swift */ = {isa = PBXFileReference; lastKnownFileType = sourcecode.swift; path = quizUITests.swift; sourceTree = "<group>"; };
		B6109EC11FB87585007B0776 /* Info.plist */ = {isa = PBXFileReference; lastKnownFileType = text.plist.xml; path = Info.plist; sourceTree = "<group>"; };
		B61227B71FBDE0180063B159 /* background.jpg */ = {isa = PBXFileReference; lastKnownFileType = image.jpeg; path = background.jpg; sourceTree = "<group>"; };
		B61227B81FBDE0180063B159 /* title.jpg */ = {isa = PBXFileReference; lastKnownFileType = image.jpeg; path = title.jpg; sourceTree = "<group>"; };
		B61227BB1FBDEB140063B159 /* questionViewController.swift */ = {isa = PBXFileReference; lastKnownFileType = sourcecode.swift; path = questionViewController.swift; sourceTree = "<group>"; };
/* End PBXFileReference section */

/* Begin PBXFrameworksBuildPhase section */
		B6109E991FB87585007B0776 /* Frameworks */ = {
			isa = PBXFrameworksBuildPhase;
			buildActionMask = 2147483647;
			files = (
			);
			runOnlyForDeploymentPostprocessing = 0;
		};
		B6109EAD1FB87585007B0776 /* Frameworks */ = {
			isa = PBXFrameworksBuildPhase;
			buildActionMask = 2147483647;
			files = (
			);
			runOnlyForDeploymentPostprocessing = 0;
		};
		B6109EB81FB87585007B0776 /* Frameworks */ = {
			isa = PBXFrameworksBuildPhase;
			buildActionMask = 2147483647;
			files = (
			);
			runOnlyForDeploymentPostprocessing = 0;
		};
/* End PBXFrameworksBuildPhase section */

/* Begin PBXGroup section */
		B6109E931FB87585007B0776 = {
			isa = PBXGroup;
			children = (
				B6109E9E1FB87585007B0776 /* quiz */,
				B61227B61FBDE0180063B159 /* title_img */,
				B6109EB31FB87585007B0776 /* quizTests */,
				B6109EBE1FB87585007B0776 /* quizUITests */,
				B6109E9D1FB87585007B0776 /* Products */,
			);
			sourceTree = "<group>";
		};
		B6109E9D1FB87585007B0776 /* Products */ = {
			isa = PBXGroup;
			children = (
				B6109E9C1FB87585007B0776 /* quiz.app */,
				B6109EB01FB87585007B0776 /* quizTests.xctest */,
				B6109EBB1FB87585007B0776 /* quizUITests.xctest */,
			);
			name = Products;
			sourceTree = "<group>";
		};
		B6109E9E1FB87585007B0776 /* quiz */ = {
			isa = PBXGroup;
			children = (
				B6109E9F1FB87585007B0776 /* AppDelegate.swift */,
				B6109EA11FB87585007B0776 /* ViewController.swift */,
				B61227BB1FBDEB140063B159 /* questionViewController.swift */,
				B6109EA31FB87585007B0776 /* Main.storyboard */,
				B6109EA61FB87585007B0776 /* Assets.xcassets */,
				B6109EA81FB87585007B0776 /* LaunchScreen.storyboard */,
				B6109EAB1FB87585007B0776 /* Info.plist */,
			);
			path = quiz;
			sourceTree = "<group>";
		};
		B6109EB31FB87585007B0776 /* quizTests */ = {
			isa = PBXGroup;
			children = (
				B6109EB41FB87585007B0776 /* quizTests.swift */,
				B6109EB61FB87585007B0776 /* Info.plist */,
			);
			path = quizTests;
			sourceTree = "<group>";
		};
		B6109EBE1FB87585007B0776 /* quizUITests */ = {
			isa = PBXGroup;
			children = (
				B6109EBF1FB87585007B0776 /* quizUITests.swift */,
				B6109EC11FB87585007B0776 /* Info.plist */,
			);
			path = quizUITests;
			sourceTree = "<group>";
		};
		B61227B61FBDE0180063B159 /* title_img */ = {
			isa = PBXGroup;
			children = (
				B61227B71FBDE0180063B159 /* background.jpg */,
				B61227B81FBDE0180063B159 /* title.jpg */,
			);
			path = title_img;
			sourceTree = "<group>";
		};
/* End PBXGroup section */

/* Begin PBXNativeTarget section */
		B6109E9B1FB87585007B0776 /* quiz */ = {
			isa = PBXNativeTarget;
			buildConfigurationList = B6109EC41FB87585007B0776 /* Build configuration list for PBXNativeTarget "quiz" */;
			buildPhases = (
				B6109E981FB87585007B0776 /* Sources */,
				B6109E991FB87585007B0776 /* Frameworks */,
				B6109E9A1FB87585007B0776 /* Resources */,
			);
			buildRules = (
			);
			dependencies = (
			);
			name = quiz;
			productName = quiz;
			productReference = B6109E9C1FB87585007B0776 /* quiz.app */;
			productType = "com.apple.product-type.application";
		};
		B6109EAF1FB87585007B0776 /* quizTests */ = {
			isa = PBXNativeTarget;
			buildConfigurationList = B6109EC71FB87585007B0776 /* Build configuration list for PBXNativeTarget "quizTests" */;
			buildPhases = (
				B6109EAC1FB87585007B0776 /* Sources */,
				B6109EAD1FB87585007B0776 /* Frameworks */,
				B6109EAE1FB87585007B0776 /* Resources */,
			);
			buildRules = (
			);
			dependencies = (
				B6109EB21FB87585007B0776 /* PBXTargetDependency */,
			);
			name = quizTests;
			productName = quizTests;
			productReference = B6109EB01FB87585007B0776 /* quizTests.xctest */;
			productType = "com.apple.product-type.bundle.unit-test";
		};
		B6109EBA1FB87585007B0776 /* quizUITests */ = {
			isa = PBXNativeTarget;
			buildConfigurationList = B6109ECA1FB87585007B0776 /* Build configuration list for PBXNativeTarget "quizUITests" */;
			buildPhases = (
				B6109EB71FB87585007B0776 /* Sources */,
				B6109EB81FB87585007B0776 /* Frameworks */,
				B6109EB91FB87585007B0776 /* Resources */,
			);
			buildRules = (
			);
			dependencies = (
				B6109EBD1FB87585007B0776 /* PBXTargetDependency */,
			);
			name = quizUITests;
			productName = quizUITests;
			productReference = B6109EBB1FB87585007B0776 /* quizUITests.xctest */;
			productType = "com.apple.product-type.bundle.ui-testing";
		};
/* End PBXNativeTarget section */

/* Begin PBXProject section */
		B6109E941FB87585007B0776 /* Project object */ = {
			isa = PBXProject;
			attributes = {
				LastSwiftUpdateCheck = 0910;
				LastUpgradeCheck = 0910;
				ORGANIZATIONNAME = "Masashi Hamano";
				TargetAttributes = {
					B6109E9B1FB87585007B0776 = {
						CreatedOnToolsVersion = 9.1;
						ProvisioningStyle = Automatic;
					};
					B6109EAF1FB87585007B0776 = {
						CreatedOnToolsVersion = 9.1;
						ProvisioningStyle = Automatic;
						TestTargetID = B6109E9B1FB87585007B0776;
					};
					B6109EBA1FB87585007B0776 = {
						CreatedOnToolsVersion = 9.1;
						ProvisioningStyle = Automatic;
						TestTargetID = B6109E9B1FB87585007B0776;
					};
				};
			};
			buildConfigurationList = B6109E971FB87585007B0776 /* Build configuration list for PBXProject "quiz" */;
			compatibilityVersion = "Xcode 8.0";
			developmentRegion = en;
			hasScannedForEncodings = 0;
			knownRegions = (
				en,
				Base,
			);
			mainGroup = B6109E931FB87585007B0776;
			productRefGroup = B6109E9D1FB87585007B0776 /* Products */;
			projectDirPath = "";
			projectRoot = "";
			targets = (
				B6109E9B1FB87585007B0776 /* quiz */,
				B6109EAF1FB87585007B0776 /* quizTests */,
				B6109EBA1FB87585007B0776 /* quizUITests */,
			);
		};
/* End PBXProject section */

/* Begin PBXResourcesBuildPhase section */
		B6109E9A1FB87585007B0776 /* Resources */ = {
			isa = PBXResourcesBuildPhase;
			buildActionMask = 2147483647;
			files = (
				B6109EAA1FB87585007B0776 /* LaunchScreen.storyboard in Resources */,
				B61227B91FBDE0180063B159 /* background.jpg in Resources */,
				B6109EA71FB87585007B0776 /* Assets.xcassets in Resources */,
				B6109EA51FB87585007B0776 /* Main.storyboard in Resources */,
				B61227BA1FBDE0180063B159 /* title.jpg in Resources */,
			);
			runOnlyForDeploymentPostprocessing = 0;
		};
		B6109EAE1FB87585007B0776 /* Resources */ = {
			isa = PBXResourcesBuildPhase;
			buildActionMask = 2147483647;
			files = (
			);
			runOnlyForDeploymentPostprocessing = 0;
		};
		B6109EB91FB87585007B0776 /* Resources */ = {
			isa = PBXResourcesBuildPhase;
			buildActionMask = 2147483647;
			files = (
			);
			runOnlyForDeploymentPostprocessing = 0;
		};
/* End PBXResourcesBuildPhase section */

/* Begin PBXSourcesBuildPhase section */
		B6109E981FB87585007B0776 /* Sources */ = {
			isa = PBXSourcesBuildPhase;
			buildActionMask = 2147483647;
			files = (
				B61227BC1FBDEB140063B159 /* questionViewController.swift in Sources */,
				B6109EA21FB87585007B0776 /* ViewController.swift in Sources */,
				B6109EA01FB87585007B0776 /* AppDelegate.swift in Sources */,
			);
			runOnlyForDeploymentPostprocessing = 0;
		};
		B6109EAC1FB87585007B0776 /* Sources */ = {
			isa = PBXSourcesBuildPhase;
			buildActionMask = 2147483647;
			files = (
				B6109EB51FB87585007B0776 /* quizTests.swift in Sources */,
			);
			runOnlyForDeploymentPostprocessing = 0;
		};
		B6109EB71FB87585007B0776 /* Sources */ = {
			isa = PBXSourcesBuildPhase;
			buildActionMask = 2147483647;
			files = (
				B6109EC01FB87585007B0776 /* quizUITests.swift in Sources */,
			);
			runOnlyForDeploymentPostprocessing = 0;
		};
/* End PBXSourcesBuildPhase section */

/* Begin PBXTargetDependency section */
		B6109EB21FB87585007B0776 /* PBXTargetDependency */ = {
			isa = PBXTargetDependency;
			target = B6109E9B1FB87585007B0776 /* quiz */;
			targetProxy = B6109EB11FB87585007B0776 /* PBXContainerItemProxy */;
		};
		B6109EBD1FB87585007B0776 /* PBXTargetDependency */ = {
			isa = PBXTargetDependency;
			target = B6109E9B1FB87585007B0776 /* quiz */;
			targetProxy = B6109EBC1FB87585007B0776 /* PBXContainerItemProxy */;
		};
/* End PBXTargetDependency section */

/* Begin PBXVariantGroup section */
		B6109EA31FB87585007B0776 /* Main.storyboard */ = {
			isa = PBXVariantGroup;
			children = (
				B6109EA41FB87585007B0776 /* Base */,
			);
			name = Main.storyboard;
			sourceTree = "<group>";
		};
		B6109EA81FB87585007B0776 /* LaunchScreen.storyboard */ = {
			isa = PBXVariantGroup;
			children = (
				B6109EA91FB87585007B0776 /* Base */,
			);
			name = LaunchScreen.storyboard;
			sourceTree = "<group>";
		};
/* End PBXVariantGroup section */

/* Begin XCBuildConfiguration section */
		B6109EC21FB87585007B0776 /* Debug */ = {
			isa = XCBuildConfiguration;
			buildSettings = {
				ALWAYS_SEARCH_USER_PATHS = NO;
				CLANG_ANALYZER_NONNULL = YES;
				CLANG_ANALYZER_NUMBER_OBJECT_CONVERSION = YES_AGGRESSIVE;
				CLANG_CXX_LANGUAGE_STANDARD = "gnu++14";
				CLANG_CXX_LIBRARY = "libc++";
				CLANG_ENABLE_MODULES = YES;
				CLANG_ENABLE_OBJC_ARC = YES;
				CLANG_WARN_BLOCK_CAPTURE_AUTORELEASING = YES;
				CLANG_WARN_BOOL_CONVERSION = YES;
				CLANG_WARN_COMMA = YES;
				CLANG_WARN_CONSTANT_CONVERSION = YES;
				CLANG_WARN_DIRECT_OBJC_ISA_USAGE = YES_ERROR;
				CLANG_WARN_DOCUMENTATION_COMMENTS = YES;
				CLANG_WARN_EMPTY_BODY = YES;
				CLANG_WARN_ENUM_CONVERSION = YES;
				CLANG_WARN_INFINITE_RECURSION = YES;
				CLANG_WARN_INT_CONVERSION = YES;
				CLANG_WARN_NON_LITERAL_NULL_CONVERSION = YES;
				CLANG_WARN_OBJC_LITERAL_CONVERSION = YES;
				CLANG_WARN_OBJC_ROOT_CLASS = YES_ERROR;
				CLANG_WARN_RANGE_LOOP_ANALYSIS = YES;
				CLANG_WARN_STRICT_PROTOTYPES = YES;
				CLANG_WARN_SUSPICIOUS_MOVE = YES;
				CLANG_WARN_UNGUARDED_AVAILABILITY = YES_AGGRESSIVE;
				CLANG_WARN_UNREACHABLE_CODE = YES;
				CLANG_WARN__DUPLICATE_METHOD_MATCH = YES;
				CODE_SIGN_IDENTITY = "iPhone Developer";
				COPY_PHASE_STRIP = NO;
				DEBUG_INFORMATION_FORMAT = dwarf;
				ENABLE_STRICT_OBJC_MSGSEND = YES;
				ENABLE_TESTABILITY = YES;
				GCC_C_LANGUAGE_STANDARD = gnu11;
				GCC_DYNAMIC_NO_PIC = NO;
				GCC_NO_COMMON_BLOCKS = YES;
				GCC_OPTIMIZATION_LEVEL = 0;
				GCC_PREPROCESSOR_DEFINITIONS = (
					"DEBUG=1",
					"$(inherited)",
				);
				GCC_WARN_64_TO_32_BIT_CONVERSION = YES;
				GCC_WARN_ABOUT_RETURN_TYPE = YES_ERROR;
				GCC_WARN_UNDECLARED_SELECTOR = YES;
				GCC_WARN_UNINITIALIZED_AUTOS = YES_AGGRESSIVE;
				GCC_WARN_UNUSED_FUNCTION = YES;
				GCC_WARN_UNUSED_VARIABLE = YES;
				IPHONEOS_DEPLOYMENT_TARGET = 11.1;
				MTL_ENABLE_DEBUG_INFO = YES;
				ONLY_ACTIVE_ARCH = YES;
				SDKROOT = iphoneos;
				SWIFT_ACTIVE_COMPILATION_CONDITIONS = DEBUG;
				SWIFT_OPTIMIZATION_LEVEL = "-Onone";
			};
			name = Debug;
		};
		B6109EC31FB87585007B0776 /* Release */ = {
			isa = XCBuildConfiguration;
			buildSettings = {
				ALWAYS_SEARCH_USER_PATHS = NO;
				CLANG_ANALYZER_NONNULL = YES;
				CLANG_ANALYZER_NUMBER_OBJECT_CONVERSION = YES_AGGRESSIVE;
				CLANG_CXX_LANGUAGE_STANDARD = "gnu++14";
				CLANG_CXX_LIBRARY = "libc++";
				CLANG_ENABLE_MODULES = YES;
				CLANG_ENABLE_OBJC_ARC = YES;
				CLANG_WARN_BLOCK_CAPTURE_AUTORELEASING = YES;
				CLANG_WARN_BOOL_CONVERSION = YES;
				CLANG_WARN_COMMA = YES;
				CLANG_WARN_CONSTANT_CONVERSION = YES;
				CLANG_WARN_DIRECT_OBJC_ISA_USAGE = YES_ERROR;
				CLANG_WARN_DOCUMENTATION_COMMENTS = YES;
				CLANG_WARN_EMPTY_BODY = YES;
				CLANG_WARN_ENUM_CONVERSION = YES;
				CLANG_WARN_INFINITE_RECURSION = YES;
				CLANG_WARN_INT_CONVERSION = YES;
				CLANG_WARN_NON_LITERAL_NULL_CONVERSION = YES;
				CLANG_WARN_OBJC_LITERAL_CONVERSION = YES;
				CLANG_WARN_OBJC_ROOT_CLASS = YES_ERROR;
				CLANG_WARN_RANGE_LOOP_ANALYSIS = YES;
				CLANG_WARN_STRICT_PROTOTYPES = YES;
				CLANG_WARN_SUSPICIOUS_MOVE = YES;
				CLANG_WARN_UNGUARDED_AVAILABILITY = YES_AGGRESSIVE;
				CLANG_WARN_UNREACHABLE_CODE = YES;
				CLANG_WARN__DUPLICATE_METHOD_MATCH = YES;
				CODE_SIGN_IDENTITY = "iPhone Developer";
				COPY_PHASE_STRIP = NO;
				DEBUG_INFORMATION_FORMAT = "dwarf-with-dsym";
				ENABLE_NS_ASSERTIONS = NO;
				ENABLE_STRICT_OBJC_MSGSEND = YES;
				GCC_C_LANGUAGE_STANDARD = gnu11;
				GCC_NO_COMMON_BLOCKS = YES;
				GCC_WARN_64_TO_32_BIT_CONVERSION = YES;
				GCC_WARN_ABOUT_RETURN_TYPE = YES_ERROR;
				GCC_WARN_UNDECLARED_SELECTOR = YES;
				GCC_WARN_UNINITIALIZED_AUTOS = YES_AGGRESSIVE;
				GCC_WARN_UNUSED_FUNCTION = YES;
				GCC_WARN_UNUSED_VARIABLE = YES;
				IPHONEOS_DEPLOYMENT_TARGET = 11.1;
				MTL_ENABLE_DEBUG_INFO = NO;
				SDKROOT = iphoneos;
				SWIFT_OPTIMIZATION_LEVEL = "-Owholemodule";
				VALIDATE_PRODUCT = YES;
			};
			name = Release;
		};
		B6109EC51FB87585007B0776 /* Debug */ = {
			isa = XCBuildConfiguration;
			buildSettings = {
				ASSETCATALOG_COMPILER_APPICON_NAME = AppIcon;
				CODE_SIGN_STYLE = Automatic;
				INFOPLIST_FILE = quiz/Info.plist;
				LD_RUNPATH_SEARCH_PATHS = "$(inherited) @executable_path/Frameworks";
				PRODUCT_BUNDLE_IDENTIFIER = com.gmail.masashi.hamano.quiz;
				PRODUCT_NAME = "$(TARGET_NAME)";
				SWIFT_VERSION = 4.0;
				TARGETED_DEVICE_FAMILY = "1,2";
			};
			name = Debug;
		};
		B6109EC61FB87585007B0776 /* Release */ = {
			isa = XCBuildConfiguration;
			buildSettings = {
				ASSETCATALOG_COMPILER_APPICON_NAME = AppIcon;
				CODE_SIGN_STYLE = Automatic;
				INFOPLIST_FILE = quiz/Info.plist;
				LD_RUNPATH_SEARCH_PATHS = "$(inherited) @executable_path/Frameworks";
				PRODUCT_BUNDLE_IDENTIFIER = com.gmail.masashi.hamano.quiz;
				PRODUCT_NAME = "$(TARGET_NAME)";
				SWIFT_VERSION = 4.0;
				TARGETED_DEVICE_FAMILY = "1,2";
			};
			name = Release;
		};
		B6109EC81FB87585007B0776 /* Debug */ = {
			isa = XCBuildConfiguration;
			buildSettings = {
				ALWAYS_EMBED_SWIFT_STANDARD_LIBRARIES = YES;
				BUNDLE_LOADER = "$(TEST_HOST)";
				CODE_SIGN_STYLE = Automatic;
				INFOPLIST_FILE = quizTests/Info.plist;
				LD_RUNPATH_SEARCH_PATHS = "$(inherited) @executable_path/Frameworks @loader_path/Frameworks";
				PRODUCT_BUNDLE_IDENTIFIER = com.gmail.masashi.hamano.quizTests;
				PRODUCT_NAME = "$(TARGET_NAME)";
				SWIFT_VERSION = 4.0;
				TARGETED_DEVICE_FAMILY = "1,2";
				TEST_HOST = "$(BUILT_PRODUCTS_DIR)/quiz.app/quiz";
			};
			name = Debug;
		};
		B6109EC91FB87585007B0776 /* Release */ = {
			isa = XCBuildConfiguration;
			buildSettings = {
				ALWAYS_EMBED_SWIFT_STANDARD_LIBRARIES = YES;
				BUNDLE_LOADER = "$(TEST_HOST)";
				CODE_SIGN_STYLE = Automatic;
				INFOPLIST_FILE = quizTests/Info.plist;
				LD_RUNPATH_SEARCH_PATHS = "$(inherited) @executable_path/Frameworks @loader_path/Frameworks";
				PRODUCT_BUNDLE_IDENTIFIER = com.gmail.masashi.hamano.quizTests;
				PRODUCT_NAME = "$(TARGET_NAME)";
				SWIFT_VERSION = 4.0;
				TARGETED_DEVICE_FAMILY = "1,2";
				TEST_HOST = "$(BUILT_PRODUCTS_DIR)/quiz.app/quiz";
			};
			name = Release;
		};
		B6109ECB1FB87585007B0776 /* Debug */ = {
			isa = XCBuildConfiguration;
			buildSettings = {
				ALWAYS_EMBED_SWIFT_STANDARD_LIBRARIES = YES;
				CODE_SIGN_STYLE = Automatic;
				INFOPLIST_FILE = quizUITests/Info.plist;
				LD_RUNPATH_SEARCH_PATHS = "$(inherited) @executable_path/Frameworks @loader_path/Frameworks";
				PRODUCT_BUNDLE_IDENTIFIER = com.gmail.masashi.hamano.quizUITests;
				PRODUCT_NAME = "$(TARGET_NAME)";
				SWIFT_VERSION = 4.0;
				TARGETED_DEVICE_FAMILY = "1,2";
				TEST_TARGET_NAME = quiz;
			};
			name = Debug;
		};
		B6109ECC1FB87585007B0776 /* Release */ = {
			isa = XCBuildConfiguration;
			buildSettings = {
				ALWAYS_EMBED_SWIFT_STANDARD_LIBRARIES = YES;
				CODE_SIGN_STYLE = Automatic;
				INFOPLIST_FILE = quizUITests/Info.plist;
				LD_RUNPATH_SEARCH_PATHS = "$(inherited) @executable_path/Frameworks @loader_path/Frameworks";
				PRODUCT_BUNDLE_IDENTIFIER = com.gmail.masashi.hamano.quizUITests;
				PRODUCT_NAME = "$(TARGET_NAME)";
				SWIFT_VERSION = 4.0;
				TARGETED_DEVICE_FAMILY = "1,2";
				TEST_TARGET_NAME = quiz;
			};
			name = Release;
		};
/* End XCBuildConfiguration section */

/* Begin XCConfigurationList section */
		B6109E971FB87585007B0776 /* Build configuration list for PBXProject "quiz" */ = {
			isa = XCConfigurationList;
			buildConfigurations = (
				B6109EC21FB87585007B0776 /* Debug */,
				B6109EC31FB87585007B0776 /* Release */,
			);
			defaultConfigurationIsVisible = 0;
			defaultConfigurationName = Release;
		};
		B6109EC41FB87585007B0776 /* Build configuration list for PBXNativeTarget "quiz" */ = {
			isa = XCConfigurationList;
			buildConfigurations = (
				B6109EC51FB87585007B0776 /* Debug */,
				B6109EC61FB87585007B0776 /* Release */,
			);
			defaultConfigurationIsVisible = 0;
			defaultConfigurationName = Release;
		};
		B6109EC71FB87585007B0776 /* Build configuration list for PBXNativeTarget "quizTests" */ = {
			isa = XCConfigurationList;
			buildConfigurations = (
				B6109EC81FB87585007B0776 /* Debug */,
				B6109EC91FB87585007B0776 /* Release */,
			);
			defaultConfigurationIsVisible = 0;
			defaultConfigurationName = Release;
		};
		B6109ECA1FB87585007B0776 /* Build configuration list for PBXNativeTarget "quizUITests" */ = {
			isa = XCConfigurationList;
			buildConfigurations = (
				B6109ECB1FB87585007B0776 /* Debug */,
				B6109ECC1FB87585007B0776 /* Release */,
			);
			defaultConfigurationIsVisible = 0;
			defaultConfigurationName = Release;
		};
/* End XCConfigurationList section */
	};
	rootObject = B6109E941FB87585007B0776 /* Project object */;
}
